# THIS IS AN AUTOGENERATED FILE. DO NOT EDIT THIS FILE DIRECTLY.
# yarn lockfile v1


"@sfdl/prpc@^0.3.3":
  version "0.3.3"
  resolved "https://registry.yarnpkg.com/@sfdl/prpc/-/prpc-0.3.3.tgz#28805c59d00fb0e9677256f2ae1f0c1b9bd47898"
  integrity sha512-i80TBSDM/hxbdaYYHLHLpUtP9M5LJBw1oqRvaJIfBdkE6fuTUWlV033GJgOeRtt4DeQhaWre7W6NlE6lWkG11A==
  dependencies:
    pyodide "^0.21.2"
    uuid "^9.0.0"

base-64@^1.0.0:
  version "1.0.0"
  resolved "https://registry.yarnpkg.com/base-64/-/base-64-1.0.0.tgz#09d0f2084e32a3fd08c2475b973788eee6ae8f4a"
  integrity sha512-kwDPIFCGx0NZHog36dj+tHiwP4QMzsZ3AgMViUBKI0+V5n4U0ufTCUMhnQ04diaRI8EX/QcPfql7zlhZ7j4zgg==

node-fetch@^2.6.1:
  version "2.7.0"
  resolved "https://registry.yarnpkg.com/node-fetch/-/node-fetch-2.7.0.tgz#d0f0fa6e3e2dc1d27efcd8ad99d550bda94d187d"
  integrity sha512-c4FRfUm/dbcWZ7U+1Wq0AwCyFL+3nt2bEw05wfxSz+DWpWsitgmSgYmy2dQdWyKC1694ELPqMs/YzUSNozLt8A==
  dependencies:
    whatwg-url "^5.0.0"

pyodide@^0.21.2:
  version "0.21.3"
  resolved "https://registry.yarnpkg.com/pyodide/-/pyodide-0.21.3.tgz#0be64868231fa59a5372a1191d157a9e8d83e9d7"
  integrity sha512-5fu5P8ys8V8tKTsK9lag0HattbZQuFRdnNzv1LLOLCieM9A96OPs2cF29lPpcD9N+8GuUtfrGCWEMKiupTHUlA==
  dependencies:
    base-64 "^1.0.0"
    node-fetch "^2.6.1"
    ws "^8.5.0"

tr46@~0.0.3:
  version "0.0.3"
  resolved "https://registry.yarnpkg.com/tr46/-/tr46-0.0.3.tgz#8184fd347dac9cdc185992f3a6622e14b9d9ab6a"
  integrity sha512-N3WMsuqV66lT30CrXNbEjx4GEwlow3v6rr4mCcv6prnfwhS01rkgyFdjPNBYd9br7LpXV1+Emh01fHnq2Gdgrw==

uuid@^9.0.0:
  version "9.0.1"
  resolved "https://registry.yarnpkg.com/uuid/-/uuid-9.0.1.tgz#e188d4c8853cc722220392c424cd637f32293f30"
  integrity sha512-b+1eJOlsR9K8HJpow9Ok3fiWOWSIcIzXodvv0rQjVoOVNpWMpxf1wZNpt4y9h10odCNrqnYp1OBzRktckBe3sA==

webidl-conversions@^3.0.0:
  version "3.0.1"
  resolved "https://registry.yarnpkg.com/webidl-conversions/-/webidl-conversions-3.0.1.tgz#24534275e2a7bc6be7bc86611cc16ae0a5654871"
  integrity sha512-2JAn3z8AR6rjK8Sm8orRC0h/bcl/DqL7tRPdGZ4I1CjdF+EaMLmYxBHyXuKL849eucPFhvBoxMsflfOb8kxaeQ==

whatwg-url@^5.0.0:
  version "5.0.0"
  resolved "https://registry.yarnpkg.com/whatwg-url/-/whatwg-url-5.0.0.tgz#966454e8765462e37644d3626f6742ce8b70965d"
  integrity sha512-saE57nupxk6v3HY35+jzBwYa0rKSy0XR8JSxZPwgLr7ys0IBzhGviA1/TUGJLmSVqs8pb9AnvICXEuOHLprYTw==
  dependencies:
    tr46 "~0.0.3"
    webidl-conversions "^3.0.0"

ws@^8.5.0:
  version "8.16.0"
  resolved "https://registry.yarnpkg.com/ws/-/ws-8.16.0.tgz#d1cd774f36fbc07165066a60e40323eab6446fd4"
  integrity sha512-HS0c//TP7Ina87TfiPUz1rQzMhHrl/SG2guqRcTOIUYD2q8uhUdNHZYJUaQ8aTGPzCh+c6oawMKW35nFl1dxyQ==
